// !$*UTF8*$!
{
	archiveVersion = 1;
	classes = {
	};
	objectVersion = 46;
	objects = {

/* Begin PBXBuildFile section */
		33E3AA4F19677C2B004C7EDF /* basictypes.h in Headers */ = {isa = PBXBuildFile; fileRef = 33E3AA4A19677C2B004C7EDF /* basictypes.h */; };
		33E3AA5019677C2B004C7EDF /* ckitcore.cpp in Sources */ = {isa = PBXBuildFile; fileRef = 33E3AA4B19677C2B004C7EDF /* ckitcore.cpp */; };
		33E3AA5119677C2B004C7EDF /* ckitcore.h in Headers */ = {isa = PBXBuildFile; fileRef = 33E3AA4C19677C2B004C7EDF /* ckitcore.h */; };
		33E3AA5219677C2B004C7EDF /* pythonutil.cpp in Sources */ = {isa = PBXBuildFile; fileRef = 33E3AA4D19677C2B004C7EDF /* pythonutil.cpp */; };
		33E3AA5319677C2B004C7EDF /* pythonutil.h in Headers */ = {isa = PBXBuildFile; fileRef = 33E3AA4E19677C2B004C7EDF /* pythonutil.h */; };
		33E3AA56196785F8004C7EDF /* ckitcore_mac.cpp in Sources */ = {isa = PBXBuildFile; fileRef = 33E3AA54196785F8004C7EDF /* ckitcore_mac.cpp */; };
		33E3AA57196785F8004C7EDF /* ckitcore_mac.h in Headers */ = {isa = PBXBuildFile; fileRef = 33E3AA55196785F8004C7EDF /* ckitcore_mac.h */; };
		33E3AA5919678AC6004C7EDF /* Cocoa.framework in Frameworks */ = {isa = PBXBuildFile; fileRef = 33E3AA5819678AC6004C7EDF /* Cocoa.framework */; };
		33E3AA5B1967AE05004C7EDF /* Python in Frameworks */ = {isa = PBXBuildFile; fileRef = 33E3AA5A1967AE05004C7EDF /* Python */; };
		33E3AA701967FB45004C7EDF /* ckitcore_cocoa.h in Headers */ = {isa = PBXBuildFile; fileRef = 33E3AA6E1967FB45004C7EDF /* ckitcore_cocoa.h */; };
		33E3AA711967FB45004C7EDF /* ckitcore_cocoa.m in Sources */ = {isa = PBXBuildFile; fileRef = 33E3AA6F1967FB45004C7EDF /* ckitcore_cocoa.m */; };
		33E3AA731967FC5E004C7EDF /* ckitcore_cocoa_export.h in Headers */ = {isa = PBXBuildFile; fileRef = 33E3AA721967FC5E004C7EDF /* ckitcore_cocoa_export.h */; };
/* End PBXBuildFile section */

/* Begin PBXFileReference section */
		333B02A0199ECC8200F33188 /* _config.py */ = {isa = PBXFileReference; fileEncoding = 4; lastKnownFileType = text.script.python; name = _config.py; path = ../../../cfiler/_config.py; sourceTree = "<group>"; };
		333B02A1199ECC9C00F33188 /* config.py */ = {isa = PBXFileReference; fileEncoding = 4; lastKnownFileType = text.script.python; name = config.py; path = ../../../cfiler/CraftFiler/config.py; sourceTree = "<group>"; };
		335238E4196997A900AAEB73 /* test.py */ = {isa = PBXFileReference; fileEncoding = 4; lastKnownFileType = text.script.python; name = test.py; path = ../../test/test.py; sourceTree = "<group>"; };
		3378E8F819A04F8D00B5CE40 /* _config.py */ = {isa = PBXFileReference; fileEncoding = 4; lastKnownFileType = text.script.python; name = _config.py; path = ../../../lredit/_config.py; sourceTree = "<group>"; };
		3378E8F919A04F8D00B5CE40 /* lredit_bookmark.py */ = {isa = PBXFileReference; fileEncoding = 4; lastKnownFileType = text.script.python; name = lredit_bookmark.py; path = ../../../lredit/lredit_bookmark.py; sourceTree = "<group>"; };
		3378E8FA19A04F8D00B5CE40 /* lredit_commandline.py */ = {isa = PBXFileReference; fileEncoding = 4; lastKnownFileType = text.script.python; name = lredit_commandline.py; path = ../../../lredit/lredit_commandline.py; sourceTree = "<group>"; };
		3378E8FB19A04F8D00B5CE40 /* lredit_configmenu.py */ = {isa = PBXFileReference; fileEncoding = 4; lastKnownFileType = text.script.python; name = lredit_configmenu.py; path = ../../../lredit/lredit_configmenu.py; sourceTree = "<group>"; };
		3378E8FC19A04F8D00B5CE40 /* lredit_debug.py */ = {isa = PBXFileReference; fileEncoding = 4; lastKnownFileType = text.script.python; name = lredit_debug.py; path = ../../../lredit/lredit_debug.py; sourceTree = "<group>"; };
		3378E8FD19A04F8D00B5CE40 /* lredit_grep.py */ = {isa = PBXFileReference; fileEncoding = 4; lastKnownFileType = text.script.python; name = lredit_grep.py; path = ../../../lredit/lredit_grep.py; sourceTree = "<group>"; };
		3378E8FE19A04F8D00B5CE40 /* lredit_history.py */ = {isa = PBXFileReference; fileEncoding = 4; lastKnownFileType = text.script.python; name = lredit_history.py; path = ../../../lredit/lredit_history.py; sourceTree = "<group>"; };
		3378E8FF19A04F8D00B5CE40 /* lredit_isearch.py */ = {isa = PBXFileReference; fileEncoding = 4; lastKnownFileType = text.script.python; name = lredit_isearch.py; path = ../../../lredit/lredit_isearch.py; sourceTree = "<group>"; };
		3378E90019A04F8D00B5CE40 /* lredit_lexer.py */ = {isa = PBXFileReference; fileEncoding = 4; lastKnownFileType = text.script.python; name = lredit_lexer.py; path = ../../../lredit/lredit_lexer.py; sourceTree = "<group>"; };
		3378E90119A04F8D00B5CE40 /* lredit_listwindow.py */ = {isa = PBXFileReference; fileEncoding = 4; lastKnownFileType = text.script.python; name = lredit_listwindow.py; path = ../../../lredit/lredit_listwindow.py; sourceTree = "<group>"; };
		3378E90219A04F8D00B5CE40 /* lredit_main.py */ = {isa = PBXFileReference; fileEncoding = 4; lastKnownFileType = text.script.python; name = lredit_main.py; path = ../../../lredit/lredit_main.py; sourceTree = "<group>"; };
		3378E90319A04F8D00B5CE40 /* lredit_mainwindow.py */ = {isa = PBXFileReference; fileEncoding = 4; lastKnownFileType = text.script.python; name = lredit_mainwindow.py; path = ../../../lredit/lredit_mainwindow.py; sourceTree = "<group>"; };
		3378E90419A04F8D00B5CE40 /* lredit_minormode.py */ = {isa = PBXFileReference; fileEncoding = 4; lastKnownFileType = text.script.python; name = lredit_minormode.py; path = ../../../lredit/lredit_minormode.py; sourceTree = "<group>"; };
		3378E90519A04F8D00B5CE40 /* lredit_misc.py */ = {isa = PBXFileReference; fileEncoding = 4; lastKnownFileType = text.script.python; name = lredit_misc.py; path = ../../../lredit/lredit_misc.py; sourceTree = "<group>"; };
		3378E90619A04F8D00B5CE40 /* lredit_mode.py */ = {isa = PBXFileReference; fileEncoding = 4; lastKnownFileType = text.script.python; name = lredit_mode.py; path = ../../../lredit/lredit_mode.py; sourceTree = "<group>"; };
		3378E90719A04F8D00B5CE40 /* lredit_msgbox.py */ = {isa = PBXFileReference; fileEncoding = 4; lastKnownFileType = text.script.python; name = lredit_msgbox.py; path = ../../../lredit/lredit_msgbox.py; sourceTree = "<group>"; };
		3378E91319A04F8D00B5CE40 /* lredit_project.py */ = {isa = PBXFileReference; fileEncoding = 4; lastKnownFileType = text.script.python; name = lredit_project.py; path = ../../../lredit/lredit_project.py; sourceTree = "<group>"; };
		3378E91419A04F8D00B5CE40 /* lredit_resource.py */ = {isa = PBXFileReference; fileEncoding = 4; lastKnownFileType = text.script.python; name = lredit_resource.py; path = ../../../lredit/lredit_resource.py; sourceTree = "<group>"; };
		3378E91519A04F8D00B5CE40 /* lredit_statusbar.py */ = {isa = PBXFileReference; fileEncoding = 4; lastKnownFileType = text.script.python; name = lredit_statusbar.py; path = ../../../lredit/lredit_statusbar.py; sourceTree = "<group>"; };
		3378E91619A04F8D00B5CE40 /* lredit_tabbar.py */ = {isa = PBXFileReference; fileEncoding = 4; lastKnownFileType = text.script.python; name = lredit_tabbar.py; path = ../../../lredit/lredit_tabbar.py; sourceTree = "<group>"; };
		3378E91719A04F8D00B5CE40 /* lredit_tags.py */ = {isa = PBXFileReference; fileEncoding = 4; lastKnownFileType = text.script.python; name = lredit_tags.py; path = ../../../lredit/lredit_tags.py; sourceTree = "<group>"; };
		3378E91819A04F8D00B5CE40 /* lredit_zenhan.py */ = {isa = PBXFileReference; fileEncoding = 4; lastKnownFileType = text.script.python; name = lredit_zenhan.py; path = ../../../lredit/lredit_zenhan.py; sourceTree = "<group>"; };
		3378E91919A04F8D00B5CE40 /* lredit.py */ = {isa = PBXFileReference; fileEncoding = 4; lastKnownFileType = text.script.python; name = lredit.py; path = ../../../lredit/lredit.py; sourceTree = "<group>"; };
		3378E92019A04FCF00B5CE40 /* config.py */ = {isa = PBXFileReference; fileEncoding = 4; lastKnownFileType = text.script.python; name = config.py; path = ../../../lredit/LREdit/config.py; sourceTree = "<group>"; };
		33E3AA3A19677B22004C7EDF /* ckitcore.dylib */ = {isa = PBXFileReference; explicitFileType = "compiled.mach-o.dylib"; includeInIndex = 0; path = ckitcore.dylib; sourceTree = BUILT_PRODUCTS_DIR; };
		33E3AA3E19677B22004C7EDF /* ckitcore-Prefix.pch */ = {isa = PBXFileReference; lastKnownFileType = sourcecode.c.h; path = "ckitcore-Prefix.pch"; sourceTree = "<group>"; };
		33E3AA3F19677B22004C7EDF /* ckitcoreProj.xcconfig */ = {isa = PBXFileReference; lastKnownFileType = text.xcconfig; path = ckitcoreProj.xcconfig; sourceTree = "<group>"; };
		33E3AA4019677B22004C7EDF /* ckitcoreTarget.xcconfig */ = {isa = PBXFileReference; lastKnownFileType = text.xcconfig; path = ckitcoreTarget.xcconfig; sourceTree = "<group>"; };
		33E3AA4A19677C2B004C7EDF /* basictypes.h */ = {isa = PBXFileReference; fileEncoding = 4; lastKnownFileType = sourcecode.c.h; name = basictypes.h; path = ../../basictypes.h; sourceTree = "<group>"; };
		33E3AA4B19677C2B004C7EDF /* ckitcore.cpp */ = {isa = PBXFileReference; fileEncoding = 4; lastKnownFileType = sourcecode.cpp.cpp; name = ckitcore.cpp; path = ../../ckitcore.cpp; sourceTree = "<group>"; };
		33E3AA4C19677C2B004C7EDF /* ckitcore.h */ = {isa = PBXFileReference; fileEncoding = 4; lastKnownFileType = sourcecode.c.h; name = ckitcore.h; path = ../../ckitcore.h; sourceTree = "<group>"; };
		33E3AA4D19677C2B004C7EDF /* pythonutil.cpp */ = {isa = PBXFileReference; fileEncoding = 4; lastKnownFileType = sourcecode.cpp.cpp; name = pythonutil.cpp; path = ../../pythonutil.cpp; sourceTree = "<group>"; };
		33E3AA4E19677C2B004C7EDF /* pythonutil.h */ = {isa = PBXFileReference; fileEncoding = 4; lastKnownFileType = sourcecode.c.h; name = pythonutil.h; path = ../../pythonutil.h; sourceTree = "<group>"; };
		33E3AA54196785F8004C7EDF /* ckitcore_mac.cpp */ = {isa = PBXFileReference; fileEncoding = 2147486209; lastKnownFileType = sourcecode.cpp.cpp; name = ckitcore_mac.cpp; path = ../../ckitcore_mac.cpp; sourceTree = "<group>"; };
		33E3AA55196785F8004C7EDF /* ckitcore_mac.h */ = {isa = PBXFileReference; fileEncoding = 4; lastKnownFileType = sourcecode.c.h; name = ckitcore_mac.h; path = ../../ckitcore_mac.h; sourceTree = "<group>"; };
		33E3AA5819678AC6004C7EDF /* Cocoa.framework */ = {isa = PBXFileReference; lastKnownFileType = wrapper.framework; name = Cocoa.framework; path = System/Library/Frameworks/Cocoa.framework; sourceTree = SDKROOT; };
		33E3AA5A1967AE05004C7EDF /* Python */ = {isa = PBXFileReference; lastKnownFileType = "compiled.mach-o.dylib"; name = Python; path = /Library/Frameworks/Python.framework/Versions/3.4/Python; sourceTree = "<absolute>"; };
		33E3AA5D1967CC01004C7EDF /* ckit_command.py */ = {isa = PBXFileReference; fileEncoding = 4; lastKnownFileType = text.script.python; name = ckit_command.py; path = ../../ckit_command.py; sourceTree = "<group>"; };
		33E3AA5E1967CC01004C7EDF /* ckit_const.py */ = {isa = PBXFileReference; fileEncoding = 4; lastKnownFileType = text.script.python; name = ckit_const.py; path = ../../ckit_const.py; sourceTree = "<group>"; };
		33E3AA5F1967CC01004C7EDF /* ckit_dialog.py */ = {isa = PBXFileReference; fileEncoding = 4; lastKnownFileType = text.script.python; name = ckit_dialog.py; path = ../../ckit_dialog.py; sourceTree = "<group>"; };
		33E3AA601967CC01004C7EDF /* ckit_key.py */ = {isa = PBXFileReference; fileEncoding = 4; lastKnownFileType = text.script.python; name = ckit_key.py; path = ../../ckit_key.py; sourceTree = "<group>"; };
		33E3AA611967CC01004C7EDF /* ckit_migemo.py */ = {isa = PBXFileReference; fileEncoding = 4; lastKnownFileType = text.script.python; name = ckit_migemo.py; path = ../../ckit_migemo.py; sourceTree = "<group>"; };
		33E3AA621967CC01004C7EDF /* ckit_misc.py */ = {isa = PBXFileReference; fileEncoding = 4; lastKnownFileType = text.script.python; name = ckit_misc.py; path = ../../ckit_misc.py; sourceTree = "<group>"; };
		33E3AA631967CC01004C7EDF /* ckit_resource.py */ = {isa = PBXFileReference; fileEncoding = 4; lastKnownFileType = text.script.python; name = ckit_resource.py; path = ../../ckit_resource.py; sourceTree = "<group>"; };
		33E3AA641967CC01004C7EDF /* ckit_stdlib.py */ = {isa = PBXFileReference; fileEncoding = 4; lastKnownFileType = text.script.python; name = ckit_stdlib.py; path = ../../ckit_stdlib.py; sourceTree = "<group>"; };
		33E3AA651967CC01004C7EDF /* ckit_subprocess.py */ = {isa = PBXFileReference; fileEncoding = 4; lastKnownFileType = text.script.python; name = ckit_subprocess.py; path = ../../ckit_subprocess.py; sourceTree = "<group>"; };
		33E3AA661967CC01004C7EDF /* ckit_textwidget.py */ = {isa = PBXFileReference; fileEncoding = 4; lastKnownFileType = text.script.python; name = ckit_textwidget.py; path = ../../ckit_textwidget.py; sourceTree = "<group>"; };
		33E3AA671967CC01004C7EDF /* ckit_textwindow.py */ = {isa = PBXFileReference; fileEncoding = 4; lastKnownFileType = text.script.python; name = ckit_textwindow.py; path = ../../ckit_textwindow.py; sourceTree = "<group>"; };
		33E3AA681967CC01004C7EDF /* ckit_theme.py */ = {isa = PBXFileReference; fileEncoding = 4; lastKnownFileType = text.script.python; name = ckit_theme.py; path = ../../ckit_theme.py; sourceTree = "<group>"; };
		33E3AA691967CC01004C7EDF /* ckit_threadutil.py */ = {isa = PBXFileReference; fileEncoding = 4; lastKnownFileType = text.script.python; name = ckit_threadutil.py; path = ../../ckit_threadutil.py; sourceTree = "<group>"; };
		33E3AA6A1967CC01004C7EDF /* ckit_userconfig.py */ = {isa = PBXFileReference; fileEncoding = 4; lastKnownFileType = text.script.python; name = ckit_userconfig.py; path = ../../ckit_userconfig.py; sourceTree = "<group>"; };
		33E3AA6B1967CC01004C7EDF /* ckit_wallpaper.py */ = {isa = PBXFileReference; fileEncoding = 4; lastKnownFileType = text.script.python; name = ckit_wallpaper.py; path = ../../ckit_wallpaper.py; sourceTree = "<group>"; };
		33E3AA6C1967CC01004C7EDF /* ckit_widget.py */ = {isa = PBXFileReference; fileEncoding = 4; lastKnownFileType = text.script.python; name = ckit_widget.py; path = ../../ckit_widget.py; sourceTree = "<group>"; };
		33E3AA6D1967CC17004C7EDF /* __init__.py */ = {isa = PBXFileReference; fileEncoding = 4; lastKnownFileType = text.script.python; name = __init__.py; path = ../../__init__.py; sourceTree = "<group>"; };
		33E3AA6E1967FB45004C7EDF /* ckitcore_cocoa.h */ = {isa = PBXFileReference; fileEncoding = 4; lastKnownFileType = sourcecode.c.h; name = ckitcore_cocoa.h; path = ../../ckitcore_cocoa.h; sourceTree = "<group>"; };
		33E3AA6F1967FB45004C7EDF /* ckitcore_cocoa.m */ = {isa = PBXFileReference; fileEncoding = 4; lastKnownFileType = sourcecode.c.objc; name = ckitcore_cocoa.m; path = ../../ckitcore_cocoa.m; sourceTree = "<group>"; };
		33E3AA721967FC5E004C7EDF /* ckitcore_cocoa_export.h */ = {isa = PBXFileReference; fileEncoding = 4; lastKnownFileType = sourcecode.c.h; name = ckitcore_cocoa_export.h; path = ../../ckitcore_cocoa_export.h; sourceTree = "<group>"; };
		33F95562197A084C00E57104 /* cfiler_archiver.py */ = {isa = PBXFileReference; fileEncoding = 4; lastKnownFileType = text.script.python; name = cfiler_archiver.py; path = ../../../cfiler/cfiler_archiver.py; sourceTree = "<group>"; };
		33F95563197A084C00E57104 /* cfiler_bookmark.py */ = {isa = PBXFileReference; fileEncoding = 4; lastKnownFileType = text.script.python; name = cfiler_bookmark.py; path = ../../../cfiler/cfiler_bookmark.py; sourceTree = "<group>"; };
		33F95564197A084C00E57104 /* cfiler_checkdir.py */ = {isa = PBXFileReference; fileEncoding = 4; lastKnownFileType = text.script.python; name = cfiler_checkdir.py; path = ../../../cfiler/cfiler_checkdir.py; sourceTree = "<group>"; };
		33F95565197A084C00E57104 /* cfiler_commandline.py */ = {isa = PBXFileReference; fileEncoding = 4; lastKnownFileType = text.script.python; name = cfiler_commandline.py; path = ../../../cfiler/cfiler_commandline.py; sourceTree = "<group>"; };
		33F95566197A084C00E57104 /* cfiler_configmenu.py */ = {isa = PBXFileReference; fileEncoding = 4; lastKnownFileType = text.script.python; name = cfiler_configmenu.py; path = ../../../cfiler/cfiler_configmenu.py; sourceTree = "<group>"; };
		33F95567197A084C00E57104 /* cfiler_consistency.py */ = {isa = PBXFileReference; fileEncoding = 4; lastKnownFileType = text.script.python; name = cfiler_consistency.py; path = ../../../cfiler/cfiler_consistency.py; sourceTree = "<group>"; };
		33F95568197A084C00E57104 /* cfiler_debug.py */ = {isa = PBXFileReference; fileEncoding = 4; lastKnownFileType = text.script.python; name = cfiler_debug.py; path = ../../../cfiler/cfiler_debug.py; sourceTree = "<group>"; };
		33F95569197A084C00E57104 /* cfiler_diffviewer.py */ = {isa = PBXFileReference; fileEncoding = 4; lastKnownFileType = text.script.python; name = cfiler_diffviewer.py; path = ../../../cfiler/cfiler_diffviewer.py; sourceTree = "<group>"; };
		33F9556A197A084C00E57104 /* cfiler_error.py */ = {isa = PBXFileReference; fileEncoding = 4; lastKnownFileType = text.script.python; name = cfiler_error.py; path = ../../../cfiler/cfiler_error.py; sourceTree = "<group>"; };
		33F9556B197A084C00E57104 /* cfiler_filecmp.py */ = {isa = PBXFileReference; fileEncoding = 4; lastKnownFileType = text.script.python; name = cfiler_filecmp.py; path = ../../../cfiler/cfiler_filecmp.py; sourceTree = "<group>"; };
		33F9556C197A084C00E57104 /* cfiler_filelist.py */ = {isa = PBXFileReference; fileEncoding = 4; lastKnownFileType = text.script.python; name = cfiler_filelist.py; path = ../../../cfiler/cfiler_filelist.py; sourceTree = "<group>"; };
		33F9556D197A084C00E57104 /* cfiler_fileoplock.py */ = {isa = PBXFileReference; fileEncoding = 4; lastKnownFileType = text.script.python; name = cfiler_fileoplock.py; path = ../../../cfiler/cfiler_fileoplock.py; sourceTree = "<group>"; };
		33F9556E197A084C00E57104 /* cfiler_grep.py */ = {isa = PBXFileReference; fileEncoding = 4; lastKnownFileType = text.script.python; name = cfiler_grep.py; path = ../../../cfiler/cfiler_grep.py; sourceTree = "<group>"; };
		33F9556F197A084C00E57104 /* cfiler_grepwindow.py */ = {isa = PBXFileReference; fileEncoding = 4; lastKnownFileType = text.script.python; name = cfiler_grepwindow.py; path = ../../../cfiler/cfiler_grepwindow.py; sourceTree = "<group>"; };
		33F95570197A084C00E57104 /* cfiler_history.py */ = {isa = PBXFileReference; fileEncoding = 4; lastKnownFileType = text.script.python; name = cfiler_history.py; path = ../../../cfiler/cfiler_history.py; sourceTree = "<group>"; };
		33F95571197A084C00E57104 /* cfiler_imageviewer.py */ = {isa = PBXFileReference; fileEncoding = 4; lastKnownFileType = text.script.python; name = cfiler_imageviewer.py; path = ../../../cfiler/cfiler_imageviewer.py; sourceTree = "<group>"; };
		33F95572197A084C00E57104 /* cfiler_isearch.py */ = {isa = PBXFileReference; fileEncoding = 4; lastKnownFileType = text.script.python; name = cfiler_isearch.py; path = ../../../cfiler/cfiler_isearch.py; sourceTree = "<group>"; };
		33F95573197A084C00E57104 /* cfiler_listwindow.py */ = {isa = PBXFileReference; fileEncoding = 4; lastKnownFileType = text.script.python; name = cfiler_listwindow.py; path = ../../../cfiler/cfiler_listwindow.py; sourceTree = "<group>"; };
		33F95574197A084C00E57104 /* cfiler_main.py */ = {isa = PBXFileReference; fileEncoding = 4; lastKnownFileType = text.script.python; name = cfiler_main.py; path = ../../../cfiler/cfiler_main.py; sourceTree = "<group>"; };
		33F95575197A084C00E57104 /* cfiler_mainwindow.py */ = {isa = PBXFileReference; fileEncoding = 4; lastKnownFileType = text.script.python; name = cfiler_mainwindow.py; path = ../../../cfiler/cfiler_mainwindow.py; sourceTree = "<group>"; };
		33F95576197A084C00E57104 /* cfiler_misc.py */ = {isa = PBXFileReference; fileEncoding = 4; lastKnownFileType = text.script.python; name = cfiler_misc.py; path = ../../../cfiler/cfiler_misc.py; sourceTree = "<group>"; };
		33F95577197A084C00E57104 /* cfiler_msgbox.py */ = {isa = PBXFileReference; fileEncoding = 4; lastKnownFileType = text.script.python; name = cfiler_msgbox.py; path = ../../../cfiler/cfiler_msgbox.py; sourceTree = "<group>"; };
		33F95578197A084C00E57104 /* cfiler_musicplayer.py */ = {isa = PBXFileReference; fileEncoding = 4; lastKnownFileType = text.script.python; name = cfiler_musicplayer.py; path = ../../../cfiler/cfiler_musicplayer.py; sourceTree = "<group>"; };
		33F95596197A084C00E57104 /* cfiler_networkplace.py */ = {isa = PBXFileReference; fileEncoding = 4; lastKnownFileType = text.script.python; name = cfiler_networkplace.py; path = ../../../cfiler/cfiler_networkplace.py; sourceTree = "<group>"; };
		33F95597197A084C00E57104 /* cfiler_overwritewindow.py */ = {isa = PBXFileReference; fileEncoding = 4; lastKnownFileType = text.script.python; name = cfiler_overwritewindow.py; path = ../../../cfiler/cfiler_overwritewindow.py; sourceTree = "<group>"; };
		33F95598197A084C00E57104 /* cfiler_renamewindow.py */ = {isa = PBXFileReference; fileEncoding = 4; lastKnownFileType = text.script.python; name = cfiler_renamewindow.py; path = ../../../cfiler/cfiler_renamewindow.py; sourceTree = "<group>"; };
		33F95599197A084C00E57104 /* cfiler_resource.py */ = {isa = PBXFileReference; fileEncoding = 4; lastKnownFileType = text.script.python; name = cfiler_resource.py; path = ../../../cfiler/cfiler_resource.py; sourceTree = "<group>"; };
		33F9559A197A084C00E57104 /* cfiler_resultwindow.py */ = {isa = PBXFileReference; fileEncoding = 4; lastKnownFileType = text.script.python; name = cfiler_resultwindow.py; path = ../../../cfiler/cfiler_resultwindow.py; sourceTree = "<group>"; };
		33F9559B197A084C00E57104 /* cfiler_statusbar.py */ = {isa = PBXFileReference; fileEncoding = 4; lastKnownFileType = text.script.python; name = cfiler_statusbar.py; path = ../../../cfiler/cfiler_statusbar.py; sourceTree = "<group>"; };
		33F9559C197A084C00E57104 /* cfiler_textviewer.py */ = {isa = PBXFileReference; fileEncoding = 4; lastKnownFileType = text.script.python; name = cfiler_textviewer.py; path = ../../../cfiler/cfiler_textviewer.py; sourceTree = "<group>"; };
		33F9559D197A084C00E57104 /* cfiler.py */ = {isa = PBXFileReference; fileEncoding = 4; lastKnownFileType = text.script.python; name = cfiler.py; path = ../../../cfiler/cfiler.py; sourceTree = "<group>"; };
/* End PBXFileReference section */

/* Begin PBXFrameworksBuildPhase section */
		33E3AA3719677B22004C7EDF /* Frameworks */ = {
			isa = PBXFrameworksBuildPhase;
			buildActionMask = 2147483647;
			files = (
				33E3AA5B1967AE05004C7EDF /* Python in Frameworks */,
				33E3AA5919678AC6004C7EDF /* Cocoa.framework in Frameworks */,
			);
			runOnlyForDeploymentPostprocessing = 0;
		};
/* End PBXFrameworksBuildPhase section */

/* Begin PBXGroup section */
		335238E31969978C00AAEB73 /* test */ = {
			isa = PBXGroup;
			children = (
				335238E4196997A900AAEB73 /* test.py */,
			);
			name = test;
			sourceTree = "<group>";
		};
		3378E8F719A04F5700B5CE40 /* lredit - python */ = {
			isa = PBXGroup;
			children = (
				3378E92019A04FCF00B5CE40 /* config.py */,
				3378E8F819A04F8D00B5CE40 /* _config.py */,
				3378E8F919A04F8D00B5CE40 /* lredit_bookmark.py */,
				3378E8FA19A04F8D00B5CE40 /* lredit_commandline.py */,
				3378E8FB19A04F8D00B5CE40 /* lredit_configmenu.py */,
				3378E8FC19A04F8D00B5CE40 /* lredit_debug.py */,
				3378E8FD19A04F8D00B5CE40 /* lredit_grep.py */,
				3378E8FE19A04F8D00B5CE40 /* lredit_history.py */,
				3378E8FF19A04F8D00B5CE40 /* lredit_isearch.py */,
				3378E90019A04F8D00B5CE40 /* lredit_lexer.py */,
				3378E90119A04F8D00B5CE40 /* lredit_listwindow.py */,
				3378E90219A04F8D00B5CE40 /* lredit_main.py */,
				3378E90319A04F8D00B5CE40 /* lredit_mainwindow.py */,
				3378E90419A04F8D00B5CE40 /* lredit_minormode.py */,
				3378E90519A04F8D00B5CE40 /* lredit_misc.py */,
				3378E90619A04F8D00B5CE40 /* lredit_mode.py */,
				3378E90719A04F8D00B5CE40 /* lredit_msgbox.py */,
				3378E91319A04F8D00B5CE40 /* lredit_project.py */,
				3378E91419A04F8D00B5CE40 /* lredit_resource.py */,
				3378E91519A04F8D00B5CE40 /* lredit_statusbar.py */,
				3378E91619A04F8D00B5CE40 /* lredit_tabbar.py */,
				3378E91719A04F8D00B5CE40 /* lredit_tags.py */,
				3378E91819A04F8D00B5CE40 /* lredit_zenhan.py */,
				3378E91919A04F8D00B5CE40 /* lredit.py */,
			);
			name = "lredit - python";
			sourceTree = "<group>";
		};
		33E3AA3119677B22004C7EDF = {
			isa = PBXGroup;
			children = (
				33E3AA3C19677B22004C7EDF /* ckitcore */,
				33E3AA5C1967CBB2004C7EDF /* ckit - python */,
				3378E8F719A04F5700B5CE40 /* lredit - python */,
				33F95561197A080900E57104 /* cfiler - python */,
				33E3AA3D19677B22004C7EDF /* Supporting Files */,
				33E3AA3B19677B22004C7EDF /* Products */,
			);
			sourceTree = "<group>";
		};
		33E3AA3B19677B22004C7EDF /* Products */ = {
			isa = PBXGroup;
			children = (
				33E3AA3A19677B22004C7EDF /* ckitcore.dylib */,
			);
			name = Products;
			sourceTree = "<group>";
		};
		33E3AA3C19677B22004C7EDF /* ckitcore */ = {
			isa = PBXGroup;
			children = (
				33E3AA4A19677C2B004C7EDF /* basictypes.h */,
				33E3AA4B19677C2B004C7EDF /* ckitcore.cpp */,
				33E3AA4C19677C2B004C7EDF /* ckitcore.h */,
				33E3AA54196785F8004C7EDF /* ckitcore_mac.cpp */,
				33E3AA55196785F8004C7EDF /* ckitcore_mac.h */,
				33E3AA6F1967FB45004C7EDF /* ckitcore_cocoa.m */,
				33E3AA6E1967FB45004C7EDF /* ckitcore_cocoa.h */,
				33E3AA721967FC5E004C7EDF /* ckitcore_cocoa_export.h */,
				33E3AA4D19677C2B004C7EDF /* pythonutil.cpp */,
				33E3AA4E19677C2B004C7EDF /* pythonutil.h */,
			);
			path = ckitcore;
			sourceTree = "<group>";
		};
		33E3AA3D19677B22004C7EDF /* Supporting Files */ = {
			isa = PBXGroup;
			children = (
				33E3AA5819678AC6004C7EDF /* Cocoa.framework */,
				33E3AA5A1967AE05004C7EDF /* Python */,
				33E3AA3F19677B22004C7EDF /* ckitcoreProj.xcconfig */,
				33E3AA4019677B22004C7EDF /* ckitcoreTarget.xcconfig */,
				33E3AA3E19677B22004C7EDF /* ckitcore-Prefix.pch */,
			);
			name = "Supporting Files";
			path = ckitcore;
			sourceTree = "<group>";
		};
		33E3AA5C1967CBB2004C7EDF /* ckit - python */ = {
			isa = PBXGroup;
			children = (
				335238E31969978C00AAEB73 /* test */,
				33E3AA6D1967CC17004C7EDF /* __init__.py */,
				33E3AA5D1967CC01004C7EDF /* ckit_command.py */,
				33E3AA5E1967CC01004C7EDF /* ckit_const.py */,
				33E3AA5F1967CC01004C7EDF /* ckit_dialog.py */,
				33E3AA601967CC01004C7EDF /* ckit_key.py */,
				33E3AA611967CC01004C7EDF /* ckit_migemo.py */,
				33E3AA621967CC01004C7EDF /* ckit_misc.py */,
				33E3AA631967CC01004C7EDF /* ckit_resource.py */,
				33E3AA641967CC01004C7EDF /* ckit_stdlib.py */,
				33E3AA651967CC01004C7EDF /* ckit_subprocess.py */,
				33E3AA661967CC01004C7EDF /* ckit_textwidget.py */,
				33E3AA671967CC01004C7EDF /* ckit_textwindow.py */,
				33E3AA681967CC01004C7EDF /* ckit_theme.py */,
				33E3AA691967CC01004C7EDF /* ckit_threadutil.py */,
				33E3AA6A1967CC01004C7EDF /* ckit_userconfig.py */,
				33E3AA6B1967CC01004C7EDF /* ckit_wallpaper.py */,
				33E3AA6C1967CC01004C7EDF /* ckit_widget.py */,
			);
			name = "ckit - python";
			sourceTree = "<group>";
		};
		33F95561197A080900E57104 /* cfiler - python */ = {
			isa = PBXGroup;
			children = (
				333B02A1199ECC9C00F33188 /* config.py */,
				333B02A0199ECC8200F33188 /* _config.py */,
				33F95562197A084C00E57104 /* cfiler_archiver.py */,
				33F95563197A084C00E57104 /* cfiler_bookmark.py */,
				33F95564197A084C00E57104 /* cfiler_checkdir.py */,
				33F95565197A084C00E57104 /* cfiler_commandline.py */,
				33F95566197A084C00E57104 /* cfiler_configmenu.py */,
				33F95567197A084C00E57104 /* cfiler_consistency.py */,
				33F95568197A084C00E57104 /* cfiler_debug.py */,
				33F95569197A084C00E57104 /* cfiler_diffviewer.py */,
				33F9556A197A084C00E57104 /* cfiler_error.py */,
				33F9556B197A084C00E57104 /* cfiler_filecmp.py */,
				33F9556C197A084C00E57104 /* cfiler_filelist.py */,
				33F9556D197A084C00E57104 /* cfiler_fileoplock.py */,
				33F9556E197A084C00E57104 /* cfiler_grep.py */,
				33F9556F197A084C00E57104 /* cfiler_grepwindow.py */,
				33F95570197A084C00E57104 /* cfiler_history.py */,
				33F95571197A084C00E57104 /* cfiler_imageviewer.py */,
				33F95572197A084C00E57104 /* cfiler_isearch.py */,
				33F95573197A084C00E57104 /* cfiler_listwindow.py */,
				33F95574197A084C00E57104 /* cfiler_main.py */,
				33F95575197A084C00E57104 /* cfiler_mainwindow.py */,
				33F95576197A084C00E57104 /* cfiler_misc.py */,
				33F95577197A084C00E57104 /* cfiler_msgbox.py */,
				33F95578197A084C00E57104 /* cfiler_musicplayer.py */,
				33F95596197A084C00E57104 /* cfiler_networkplace.py */,
				33F95597197A084C00E57104 /* cfiler_overwritewindow.py */,
				33F95598197A084C00E57104 /* cfiler_renamewindow.py */,
				33F95599197A084C00E57104 /* cfiler_resource.py */,
				33F9559A197A084C00E57104 /* cfiler_resultwindow.py */,
				33F9559B197A084C00E57104 /* cfiler_statusbar.py */,
				33F9559C197A084C00E57104 /* cfiler_textviewer.py */,
				33F9559D197A084C00E57104 /* cfiler.py */,
			);
			name = "cfiler - python";
			sourceTree = "<group>";
		};
/* End PBXGroup section */

/* Begin PBXHeadersBuildPhase section */
		33E3AA3819677B22004C7EDF /* Headers */ = {
			isa = PBXHeadersBuildPhase;
			buildActionMask = 2147483647;
			files = (
				33E3AA701967FB45004C7EDF /* ckitcore_cocoa.h in Headers */,
				33E3AA57196785F8004C7EDF /* ckitcore_mac.h in Headers */,
				33E3AA731967FC5E004C7EDF /* ckitcore_cocoa_export.h in Headers */,
				33E3AA5319677C2B004C7EDF /* pythonutil.h in Headers */,
				33E3AA5119677C2B004C7EDF /* ckitcore.h in Headers */,
				33E3AA4F19677C2B004C7EDF /* basictypes.h in Headers */,
			);
			runOnlyForDeploymentPostprocessing = 0;
		};
/* End PBXHeadersBuildPhase section */

/* Begin PBXNativeTarget section */
		33E3AA3919677B22004C7EDF /* ckitcore */ = {
			isa = PBXNativeTarget;
			buildConfigurationList = 33E3AA4719677B22004C7EDF /* Build configuration list for PBXNativeTarget "ckitcore" */;
			buildPhases = (
				33E3AA3619677B22004C7EDF /* Sources */,
				33E3AA3719677B22004C7EDF /* Frameworks */,
				33E3AA3819677B22004C7EDF /* Headers */,
			);
			buildRules = (
			);
			dependencies = (
			);
			name = ckitcore;
			productName = ckitcore;
			productReference = 33E3AA3A19677B22004C7EDF /* ckitcore.dylib */;
			productType = "com.apple.product-type.library.dynamic";
		};
/* End PBXNativeTarget section */

/* Begin PBXProject section */
		33E3AA3219677B22004C7EDF /* Project object */ = {
			isa = PBXProject;
			attributes = {
				LastUpgradeCheck = 0510;
				ORGANIZATIONNAME = craftware;
			};
			buildConfigurationList = 33E3AA3519677B22004C7EDF /* Build configuration list for PBXProject "ckitcore" */;
			compatibilityVersion = "Xcode 3.2";
			developmentRegion = English;
			hasScannedForEncodings = 0;
			knownRegions = (
				en,
			);
			mainGroup = 33E3AA3119677B22004C7EDF;
			productRefGroup = 33E3AA3B19677B22004C7EDF /* Products */;
			projectDirPath = "";
			projectRoot = "";
			targets = (
				33E3AA3919677B22004C7EDF /* ckitcore */,
			);
		};
/* End PBXProject section */

/* Begin PBXSourcesBuildPhase section */
		33E3AA3619677B22004C7EDF /* Sources */ = {
			isa = PBXSourcesBuildPhase;
			buildActionMask = 2147483647;
			files = (
				33E3AA5219677C2B004C7EDF /* pythonutil.cpp in Sources */,
				33E3AA56196785F8004C7EDF /* ckitcore_mac.cpp in Sources */,
				33E3AA5019677C2B004C7EDF /* ckitcore.cpp in Sources */,
				33E3AA711967FB45004C7EDF /* ckitcore_cocoa.m in Sources */,
			);
			runOnlyForDeploymentPostprocessing = 0;
		};
/* End PBXSourcesBuildPhase section */

/* Begin XCBuildConfiguration section */
		33E3AA4519677B22004C7EDF /* Debug */ = {
			isa = XCBuildConfiguration;
			buildSettings = {
				ALWAYS_SEARCH_USER_PATHS = NO;
				CLANG_CXX_LANGUAGE_STANDARD = "gnu++0x";
				CLANG_CXX_LIBRARY = "libc++";
				CLANG_ENABLE_MODULES = YES;
				CLANG_ENABLE_OBJC_ARC = YES;
				CLANG_WARN_BOOL_CONVERSION = YES;
				CLANG_WARN_CONSTANT_CONVERSION = YES;
				CLANG_WARN_DIRECT_OBJC_ISA_USAGE = YES_ERROR;
				CLANG_WARN_EMPTY_BODY = YES;
				CLANG_WARN_ENUM_CONVERSION = YES;
				CLANG_WARN_INT_CONVERSION = YES;
				CLANG_WARN_OBJC_ROOT_CLASS = YES_ERROR;
				CLANG_WARN__DUPLICATE_METHOD_MATCH = YES;
				COPY_PHASE_STRIP = NO;
				GCC_C_LANGUAGE_STANDARD = gnu99;
				GCC_DYNAMIC_NO_PIC = NO;
				GCC_ENABLE_OBJC_EXCEPTIONS = YES;
				GCC_OPTIMIZATION_LEVEL = 0;
				GCC_PREPROCESSOR_DEFINITIONS = (
					"DEBUG=1",
					"$(inherited)",
				);
				GCC_SYMBOLS_PRIVATE_EXTERN = NO;
				GCC_WARN_64_TO_32_BIT_CONVERSION = YES;
				GCC_WARN_ABOUT_RETURN_TYPE = YES_ERROR;
				GCC_WARN_UNDECLARED_SELECTOR = YES;
				GCC_WARN_UNINITIALIZED_AUTOS = YES_AGGRESSIVE;
				GCC_WARN_UNUSED_FUNCTION = YES;
				GCC_WARN_UNUSED_VARIABLE = YES;
				HEADER_SEARCH_PATHS = (
					"$(inherited)",
					/Applications/Xcode.app/Contents/Developer/Toolchains/XcodeDefault.xctoolchain/usr/include,
					/Library/Frameworks/Python.framework/Versions/3.4/Headers,
				);
				MACOSX_DEPLOYMENT_TARGET = 10.9;
				ONLY_ACTIVE_ARCH = YES;
				SDKROOT = macosx;
			};
			name = Debug;
		};
		33E3AA4619677B22004C7EDF /* Release */ = {
			isa = XCBuildConfiguration;
			buildSettings = {
				ALWAYS_SEARCH_USER_PATHS = NO;
				CLANG_CXX_LANGUAGE_STANDARD = "gnu++0x";
				CLANG_CXX_LIBRARY = "libc++";
				CLANG_ENABLE_MODULES = YES;
				CLANG_ENABLE_OBJC_ARC = YES;
				CLANG_WARN_BOOL_CONVERSION = YES;
				CLANG_WARN_CONSTANT_CONVERSION = YES;
				CLANG_WARN_DIRECT_OBJC_ISA_USAGE = YES_ERROR;
				CLANG_WARN_EMPTY_BODY = YES;
				CLANG_WARN_ENUM_CONVERSION = YES;
				CLANG_WARN_INT_CONVERSION = YES;
				CLANG_WARN_OBJC_ROOT_CLASS = YES_ERROR;
				CLANG_WARN__DUPLICATE_METHOD_MATCH = YES;
				COPY_PHASE_STRIP = YES;
				DEBUG_INFORMATION_FORMAT = "dwarf-with-dsym";
				ENABLE_NS_ASSERTIONS = NO;
				GCC_C_LANGUAGE_STANDARD = gnu99;
				GCC_ENABLE_OBJC_EXCEPTIONS = YES;
				GCC_WARN_64_TO_32_BIT_CONVERSION = YES;
				GCC_WARN_ABOUT_RETURN_TYPE = YES_ERROR;
				GCC_WARN_UNDECLARED_SELECTOR = YES;
				GCC_WARN_UNINITIALIZED_AUTOS = YES_AGGRESSIVE;
				GCC_WARN_UNUSED_FUNCTION = YES;
				GCC_WARN_UNUSED_VARIABLE = YES;
				HEADER_SEARCH_PATHS = (
					"$(inherited)",
					/Applications/Xcode.app/Contents/Developer/Toolchains/XcodeDefault.xctoolchain/usr/include,
					/Library/Frameworks/Python.framework/Versions/3.4/Headers,
				);
				MACOSX_DEPLOYMENT_TARGET = 10.9;
				SDKROOT = macosx;
			};
			name = Release;
		};
		33E3AA4819677B22004C7EDF /* Debug */ = {
			isa = XCBuildConfiguration;
			buildSettings = {
				LIBRARY_SEARCH_PATHS = (
					"$(inherited)",
					"$(LOCAL_LIBRARY_DIR)/Frameworks/Python.framework/Versions/3.4",
				);
				PRODUCT_NAME = "$(TARGET_NAME)";
			};
			name = Debug;
		};
		33E3AA4919677B22004C7EDF /* Release */ = {
			isa = XCBuildConfiguration;
			buildSettings = {
				LIBRARY_SEARCH_PATHS = (
					"$(inherited)",
					"$(LOCAL_LIBRARY_DIR)/Frameworks/Python.framework/Versions/3.4",
				);
				PRODUCT_NAME = "$(TARGET_NAME)";
			};
			name = Release;
		};
/* End XCBuildConfiguration section */

/* Begin XCConfigurationList section */
		33E3AA3519677B22004C7EDF /* Build configuration list for PBXProject "ckitcore" */ = {
			isa = XCConfigurationList;
			buildConfigurations = (
				33E3AA4519677B22004C7EDF /* Debug */,
				33E3AA4619677B22004C7EDF /* Release */,
			);
			defaultConfigurationIsVisible = 0;
			defaultConfigurationName = Release;
		};
		33E3AA4719677B22004C7EDF /* Build configuration list for PBXNativeTarget "ckitcore" */ = {
			isa = XCConfigurationList;
			buildConfigurations = (
				33E3AA4819677B22004C7EDF /* Debug */,
				33E3AA4919677B22004C7EDF /* Release */,
			);
			defaultConfigurationIsVisible = 0;
			defaultConfigurationName = Release;
		};
/* End XCConfigurationList section */
	};
	rootObject = 33E3AA3219677B22004C7EDF /* Project object */;
}
