// !$*UTF8*$!
{
	archiveVersion = 1;
	classes = {
	};
	objectVersion = 46;
	objects = {

/* Begin PBXBuildFile section */
		3301E00C19C27D04000AA454 /* ckitcore_cocoa_export.h in Headers */ = {isa = PBXBuildFile; fileRef = 3301E00719C27D04000AA454 /* ckitcore_cocoa_export.h */; };
		3301E00D19C27D04000AA454 /* ckitcore_cocoa.h in Headers */ = {isa = PBXBuildFile; fileRef = 3301E00819C27D04000AA454 /* ckitcore_cocoa.h */; };
		3301E00E19C27D04000AA454 /* ckitcore_mac.h in Headers */ = {isa = PBXBuildFile; fileRef = 3301E00919C27D04000AA454 /* ckitcore_mac.h */; };
		3301E00F19C27D04000AA454 /* ckitcore_mac.cpp in Sources */ = {isa = PBXBuildFile; fileRef = 3301E00A19C27D04000AA454 /* ckitcore_mac.cpp */; };
		3301E01019C27D04000AA454 /* ckitcore_cocoa.m in Sources */ = {isa = PBXBuildFile; fileRef = 3301E00B19C27D04000AA454 /* ckitcore_cocoa.m */; };
		3301E01319C27DD9000AA454 /* ckitcore_hook.h in Headers */ = {isa = PBXBuildFile; fileRef = 3301E01119C27DD9000AA454 /* ckitcore_hook.h */; };
		3301E01419C27DD9000AA454 /* ckitcore_hook.cpp in Sources */ = {isa = PBXBuildFile; fileRef = 3301E01219C27DD9000AA454 /* ckitcore_hook.cpp */; };
		3393533B19B1718C008BA442 /* ckitcore_hook_mac.cpp in Sources */ = {isa = PBXBuildFile; fileRef = 3393533919B1718C008BA442 /* ckitcore_hook_mac.cpp */; };
		3393533C19B1718C008BA442 /* ckitcore_hook_mac.h in Headers */ = {isa = PBXBuildFile; fileRef = 3393533A19B1718C008BA442 /* ckitcore_hook_mac.h */; };
		33E3AA4F19677C2B004C7EDF /* basictypes.h in Headers */ = {isa = PBXBuildFile; fileRef = 33E3AA4A19677C2B004C7EDF /* basictypes.h */; };
		33E3AA5019677C2B004C7EDF /* ckitcore.cpp in Sources */ = {isa = PBXBuildFile; fileRef = 33E3AA4B19677C2B004C7EDF /* ckitcore.cpp */; };
		33E3AA5119677C2B004C7EDF /* ckitcore.h in Headers */ = {isa = PBXBuildFile; fileRef = 33E3AA4C19677C2B004C7EDF /* ckitcore.h */; };
		33E3AA5219677C2B004C7EDF /* pythonutil.cpp in Sources */ = {isa = PBXBuildFile; fileRef = 33E3AA4D19677C2B004C7EDF /* pythonutil.cpp */; };
		33E3AA5319677C2B004C7EDF /* pythonutil.h in Headers */ = {isa = PBXBuildFile; fileRef = 33E3AA4E19677C2B004C7EDF /* pythonutil.h */; };
		33E3AA5919678AC6004C7EDF /* Cocoa.framework in Frameworks */ = {isa = PBXBuildFile; fileRef = 33E3AA5819678AC6004C7EDF /* Cocoa.framework */; };
		33E3AA5B1967AE05004C7EDF /* Python in Frameworks */ = {isa = PBXBuildFile; fileRef = 33E3AA5A1967AE05004C7EDF /* Python */; };
/* End PBXBuildFile section */

/* Begin PBXFileReference section */
		3301E00719C27D04000AA454 /* ckitcore_cocoa_export.h */ = {isa = PBXFileReference; fileEncoding = 4; lastKnownFileType = sourcecode.c.h; path = ckitcore_cocoa_export.h; sourceTree = "<group>"; };
		3301E00819C27D04000AA454 /* ckitcore_cocoa.h */ = {isa = PBXFileReference; fileEncoding = 4; lastKnownFileType = sourcecode.c.h; path = ckitcore_cocoa.h; sourceTree = "<group>"; };
		3301E00919C27D04000AA454 /* ckitcore_mac.h */ = {isa = PBXFileReference; fileEncoding = 4; lastKnownFileType = sourcecode.c.h; path = ckitcore_mac.h; sourceTree = "<group>"; };
		3301E00A19C27D04000AA454 /* ckitcore_mac.cpp */ = {isa = PBXFileReference; fileEncoding = 4; lastKnownFileType = sourcecode.cpp.cpp; path = ckitcore_mac.cpp; sourceTree = "<group>"; };
		3301E00B19C27D04000AA454 /* ckitcore_cocoa.m */ = {isa = PBXFileReference; fileEncoding = 4; lastKnownFileType = sourcecode.c.objc; path = ckitcore_cocoa.m; sourceTree = "<group>"; };
		3301E01119C27DD9000AA454 /* ckitcore_hook.h */ = {isa = PBXFileReference; fileEncoding = 4; lastKnownFileType = sourcecode.c.h; name = ckitcore_hook.h; path = ../../ckitcore_hook.h; sourceTree = "<group>"; };
		3301E01219C27DD9000AA454 /* ckitcore_hook.cpp */ = {isa = PBXFileReference; fileEncoding = 4; lastKnownFileType = sourcecode.cpp.cpp; name = ckitcore_hook.cpp; path = ../../ckitcore_hook.cpp; sourceTree = "<group>"; };
		335238E4196997A900AAEB73 /* test.py */ = {isa = PBXFileReference; fileEncoding = 4; lastKnownFileType = text.script.python; name = test.py; path = ../../test/test.py; sourceTree = "<group>"; };
		3393533919B1718C008BA442 /* ckitcore_hook_mac.cpp */ = {isa = PBXFileReference; fileEncoding = 4; lastKnownFileType = sourcecode.cpp.cpp; path = ckitcore_hook_mac.cpp; sourceTree = "<group>"; };
		3393533A19B1718C008BA442 /* ckitcore_hook_mac.h */ = {isa = PBXFileReference; fileEncoding = 4; lastKnownFileType = sourcecode.c.h; path = ckitcore_hook_mac.h; sourceTree = "<group>"; };
		33DBA72C19B2BBA10095DE67 /* _config.py */ = {isa = PBXFileReference; fileEncoding = 4; lastKnownFileType = text.script.python; name = _config.py; path = ../../../keyhac/_config.py; sourceTree = "<group>"; };
		33DBA72D19B2BBA10095DE67 /* keyhac_balloon.py */ = {isa = PBXFileReference; fileEncoding = 4; lastKnownFileType = text.script.python; name = keyhac_balloon.py; path = ../../../keyhac/keyhac_balloon.py; sourceTree = "<group>"; };
		33DBA72E19B2BBA10095DE67 /* keyhac_clipboard.py */ = {isa = PBXFileReference; fileEncoding = 4; lastKnownFileType = text.script.python; name = keyhac_clipboard.py; path = ../../../keyhac/keyhac_clipboard.py; sourceTree = "<group>"; };
		33DBA72F19B2BBA10095DE67 /* keyhac_consolewindow.py */ = {isa = PBXFileReference; fileEncoding = 4; lastKnownFileType = text.script.python; name = keyhac_consolewindow.py; path = ../../../keyhac/keyhac_consolewindow.py; sourceTree = "<group>"; };
		33DBA73019B2BBA10095DE67 /* keyhac_hook.py */ = {isa = PBXFileReference; fileEncoding = 4; lastKnownFileType = text.script.python; name = keyhac_hook.py; path = ../../../keyhac/keyhac_hook.py; sourceTree = "<group>"; };
		33DBA73119B2BBA10095DE67 /* keyhac_ini.py */ = {isa = PBXFileReference; fileEncoding = 4; lastKnownFileType = text.script.python; name = keyhac_ini.py; path = ../../../keyhac/keyhac_ini.py; sourceTree = "<group>"; };
		33DBA73219B2BBA10095DE67 /* keyhac_isearch.py */ = {isa = PBXFileReference; fileEncoding = 4; lastKnownFileType = text.script.python; name = keyhac_isearch.py; path = ../../../keyhac/keyhac_isearch.py; sourceTree = "<group>"; };
		33DBA73319B2BBA10095DE67 /* keyhac_keymap.py */ = {isa = PBXFileReference; fileEncoding = 4; lastKnownFileType = text.script.python; name = keyhac_keymap.py; path = ../../../keyhac/keyhac_keymap.py; sourceTree = "<group>"; };
		33DBA73419B2BBA10095DE67 /* keyhac_listwindow.py */ = {isa = PBXFileReference; fileEncoding = 4; lastKnownFileType = text.script.python; name = keyhac_listwindow.py; path = ../../../keyhac/keyhac_listwindow.py; sourceTree = "<group>"; };
		33DBA73519B2BBA10095DE67 /* keyhac_main.py */ = {isa = PBXFileReference; fileEncoding = 4; lastKnownFileType = text.script.python; name = keyhac_main.py; path = ../../../keyhac/keyhac_main.py; sourceTree = "<group>"; };
		33DBA73619B2BBA10095DE67 /* keyhac_misc.py */ = {isa = PBXFileReference; fileEncoding = 4; lastKnownFileType = text.script.python; name = keyhac_misc.py; path = ../../../keyhac/keyhac_misc.py; sourceTree = "<group>"; };
		33DBA73719B2BBA10095DE67 /* keyhac_resource.py */ = {isa = PBXFileReference; fileEncoding = 4; lastKnownFileType = text.script.python; name = keyhac_resource.py; path = ../../../keyhac/keyhac_resource.py; sourceTree = "<group>"; };
		33DBA73819B2BBA10095DE67 /* keyhac_statusbar.py */ = {isa = PBXFileReference; fileEncoding = 4; lastKnownFileType = text.script.python; name = keyhac_statusbar.py; path = ../../../keyhac/keyhac_statusbar.py; sourceTree = "<group>"; };
		33DBA73919B2BBA10095DE67 /* keyhac_tasktrayicon.py */ = {isa = PBXFileReference; fileEncoding = 4; lastKnownFileType = text.script.python; name = keyhac_tasktrayicon.py; path = ../../../keyhac/keyhac_tasktrayicon.py; sourceTree = "<group>"; };
		33DBA73A19B2BBA10095DE67 /* keyhac.py */ = {isa = PBXFileReference; fileEncoding = 4; lastKnownFileType = text.script.python; name = keyhac.py; path = ../../../keyhac/keyhac.py; sourceTree = "<group>"; };
		33E3AA3A19677B22004C7EDF /* ckitcore.dylib */ = {isa = PBXFileReference; explicitFileType = "compiled.mach-o.dylib"; includeInIndex = 0; path = ckitcore.dylib; sourceTree = BUILT_PRODUCTS_DIR; };
		33E3AA3F19677B22004C7EDF /* ckitcoreProj.xcconfig */ = {isa = PBXFileReference; lastKnownFileType = text.xcconfig; path = ckitcoreProj.xcconfig; sourceTree = "<group>"; };
		33E3AA4019677B22004C7EDF /* ckitcoreTarget.xcconfig */ = {isa = PBXFileReference; lastKnownFileType = text.xcconfig; path = ckitcoreTarget.xcconfig; sourceTree = "<group>"; };
		33E3AA4A19677C2B004C7EDF /* basictypes.h */ = {isa = PBXFileReference; fileEncoding = 4; lastKnownFileType = sourcecode.c.h; name = basictypes.h; path = ../../basictypes.h; sourceTree = "<group>"; };
		33E3AA4B19677C2B004C7EDF /* ckitcore.cpp */ = {isa = PBXFileReference; fileEncoding = 4; lastKnownFileType = sourcecode.cpp.cpp; name = ckitcore.cpp; path = ../../ckitcore.cpp; sourceTree = "<group>"; };
		33E3AA4C19677C2B004C7EDF /* ckitcore.h */ = {isa = PBXFileReference; fileEncoding = 4; lastKnownFileType = sourcecode.c.h; name = ckitcore.h; path = ../../ckitcore.h; sourceTree = "<group>"; };
		33E3AA4D19677C2B004C7EDF /* pythonutil.cpp */ = {isa = PBXFileReference; fileEncoding = 4; lastKnownFileType = sourcecode.cpp.cpp; name = pythonutil.cpp; path = ../../pythonutil.cpp; sourceTree = "<group>"; };
		33E3AA4E19677C2B004C7EDF /* pythonutil.h */ = {isa = PBXFileReference; fileEncoding = 4; lastKnownFileType = sourcecode.c.h; name = pythonutil.h; path = ../../pythonutil.h; sourceTree = "<group>"; };
		33E3AA5819678AC6004C7EDF /* Cocoa.framework */ = {isa = PBXFileReference; lastKnownFileType = wrapper.framework; name = Cocoa.framework; path = System/Library/Frameworks/Cocoa.framework; sourceTree = SDKROOT; };
		33E3AA5A1967AE05004C7EDF /* Python */ = {isa = PBXFileReference; lastKnownFileType = "compiled.mach-o.dylib"; name = Python; path = /Library/Frameworks/Python.framework/Versions/3.4/Python; sourceTree = "<absolute>"; };
		33E3AA5D1967CC01004C7EDF /* ckit_command.py */ = {isa = PBXFileReference; fileEncoding = 4; lastKnownFileType = text.script.python; name = ckit_command.py; path = ../../ckit_command.py; sourceTree = "<group>"; };
		33E3AA5E1967CC01004C7EDF /* ckit_const.py */ = {isa = PBXFileReference; fileEncoding = 4; lastKnownFileType = text.script.python; name = ckit_const.py; path = ../../ckit_const.py; sourceTree = "<group>"; };
		33E3AA5F1967CC01004C7EDF /* ckit_dialog.py */ = {isa = PBXFileReference; fileEncoding = 4; lastKnownFileType = text.script.python; name = ckit_dialog.py; path = ../../ckit_dialog.py; sourceTree = "<group>"; };
		33E3AA601967CC01004C7EDF /* ckit_key.py */ = {isa = PBXFileReference; fileEncoding = 4; lastKnownFileType = text.script.python; name = ckit_key.py; path = ../../ckit_key.py; sourceTree = "<group>"; };
		33E3AA611967CC01004C7EDF /* ckit_migemo.py */ = {isa = PBXFileReference; fileEncoding = 4; lastKnownFileType = text.script.python; name = ckit_migemo.py; path = ../../ckit_migemo.py; sourceTree = "<group>"; };
		33E3AA621967CC01004C7EDF /* ckit_misc.py */ = {isa = PBXFileReference; fileEncoding = 4; lastKnownFileType = text.script.python; name = ckit_misc.py; path = ../../ckit_misc.py; sourceTree = "<group>"; };
		33E3AA631967CC01004C7EDF /* ckit_resource.py */ = {isa = PBXFileReference; fileEncoding = 4; lastKnownFileType = text.script.python; name = ckit_resource.py; path = ../../ckit_resource.py; sourceTree = "<group>"; };
		33E3AA641967CC01004C7EDF /* ckit_stdlib.py */ = {isa = PBXFileReference; fileEncoding = 4; lastKnownFileType = text.script.python; name = ckit_stdlib.py; path = ../../ckit_stdlib.py; sourceTree = "<group>"; };
		33E3AA651967CC01004C7EDF /* ckit_subprocess.py */ = {isa = PBXFileReference; fileEncoding = 4; lastKnownFileType = text.script.python; name = ckit_subprocess.py; path = ../../ckit_subprocess.py; sourceTree = "<group>"; };
		33E3AA661967CC01004C7EDF /* ckit_textwidget.py */ = {isa = PBXFileReference; fileEncoding = 4; lastKnownFileType = text.script.python; name = ckit_textwidget.py; path = ../../ckit_textwidget.py; sourceTree = "<group>"; };
		33E3AA671967CC01004C7EDF /* ckit_textwindow.py */ = {isa = PBXFileReference; fileEncoding = 4; lastKnownFileType = text.script.python; name = ckit_textwindow.py; path = ../../ckit_textwindow.py; sourceTree = "<group>"; };
		33E3AA681967CC01004C7EDF /* ckit_theme.py */ = {isa = PBXFileReference; fileEncoding = 4; lastKnownFileType = text.script.python; name = ckit_theme.py; path = ../../ckit_theme.py; sourceTree = "<group>"; };
		33E3AA691967CC01004C7EDF /* ckit_threadutil.py */ = {isa = PBXFileReference; fileEncoding = 4; lastKnownFileType = text.script.python; name = ckit_threadutil.py; path = ../../ckit_threadutil.py; sourceTree = "<group>"; };
		33E3AA6A1967CC01004C7EDF /* ckit_userconfig.py */ = {isa = PBXFileReference; fileEncoding = 4; lastKnownFileType = text.script.python; name = ckit_userconfig.py; path = ../../ckit_userconfig.py; sourceTree = "<group>"; };
		33E3AA6B1967CC01004C7EDF /* ckit_wallpaper.py */ = {isa = PBXFileReference; fileEncoding = 4; lastKnownFileType = text.script.python; name = ckit_wallpaper.py; path = ../../ckit_wallpaper.py; sourceTree = "<group>"; };
		33E3AA6C1967CC01004C7EDF /* ckit_widget.py */ = {isa = PBXFileReference; fileEncoding = 4; lastKnownFileType = text.script.python; name = ckit_widget.py; path = ../../ckit_widget.py; sourceTree = "<group>"; };
		33E3AA6D1967CC17004C7EDF /* __init__.py */ = {isa = PBXFileReference; fileEncoding = 4; lastKnownFileType = text.script.python; name = __init__.py; path = ../../__init__.py; sourceTree = "<group>"; };
		E226F9161C0B16E300F400F6 /* config.py */ = {isa = PBXFileReference; lastKnownFileType = text.script.python; name = config.py; path = "../../../../Library/Application Support/Keyhac/config.py"; sourceTree = "<group>"; };
		E226F91A1C0B239C00F400F6 /* changes.txt */ = {isa = PBXFileReference; fileEncoding = 4; lastKnownFileType = text; name = changes.txt; path = ../../../keyhac/doc/changes.txt; sourceTree = "<group>"; };
		E275A3071C35144700BD897F /* index_en.txt */ = {isa = PBXFileReference; fileEncoding = 4; lastKnownFileType = text; name = index_en.txt; path = ../../../keyhac/doc/index_en.txt; sourceTree = "<group>"; };
		E275A3081C35144700BD897F /* index_ja.txt */ = {isa = PBXFileReference; fileEncoding = 4; lastKnownFileType = text; name = index_ja.txt; path = ../../../keyhac/doc/index_ja.txt; sourceTree = "<group>"; };
/* End PBXFileReference section */

/* Begin PBXFrameworksBuildPhase section */
		33E3AA3719677B22004C7EDF /* Frameworks */ = {
			isa = PBXFrameworksBuildPhase;
			buildActionMask = 2147483647;
			files = (
				33E3AA5B1967AE05004C7EDF /* Python in Frameworks */,
				33E3AA5919678AC6004C7EDF /* Cocoa.framework in Frameworks */,
			);
			runOnlyForDeploymentPostprocessing = 0;
		};
/* End PBXFrameworksBuildPhase section */

/* Begin PBXGroup section */
		335238E31969978C00AAEB73 /* test */ = {
			isa = PBXGroup;
			children = (
				335238E4196997A900AAEB73 /* test.py */,
			);
			name = test;
			sourceTree = "<group>";
		};
		33CFAD0919CEA8C400561292 /* mac */ = {
			isa = PBXGroup;
			children = (
				3301E00919C27D04000AA454 /* ckitcore_mac.h */,
				3301E00A19C27D04000AA454 /* ckitcore_mac.cpp */,
				3301E00719C27D04000AA454 /* ckitcore_cocoa_export.h */,
				3301E00819C27D04000AA454 /* ckitcore_cocoa.h */,
				3301E00B19C27D04000AA454 /* ckitcore_cocoa.m */,
				3393533A19B1718C008BA442 /* ckitcore_hook_mac.h */,
				3393533919B1718C008BA442 /* ckitcore_hook_mac.cpp */,
			);
			name = mac;
			sourceTree = "<group>";
		};
		33CFAD0A19CEA8DB00561292 /* common */ = {
			isa = PBXGroup;
			children = (
				33E3AA4A19677C2B004C7EDF /* basictypes.h */,
				33E3AA4C19677C2B004C7EDF /* ckitcore.h */,
				33E3AA4B19677C2B004C7EDF /* ckitcore.cpp */,
				3301E01119C27DD9000AA454 /* ckitcore_hook.h */,
				3301E01219C27DD9000AA454 /* ckitcore_hook.cpp */,
				33E3AA4E19677C2B004C7EDF /* pythonutil.h */,
				33E3AA4D19677C2B004C7EDF /* pythonutil.cpp */,
			);
			name = common;
			sourceTree = "<group>";
		};
		33DBA72B19B2BB660095DE67 /* keyhac - python */ = {
			isa = PBXGroup;
			children = (
				E226F9181C0B232B00F400F6 /* doc */,
				E226F9161C0B16E300F400F6 /* config.py */,
				33DBA72C19B2BBA10095DE67 /* _config.py */,
				33DBA72D19B2BBA10095DE67 /* keyhac_balloon.py */,
				33DBA72E19B2BBA10095DE67 /* keyhac_clipboard.py */,
				33DBA72F19B2BBA10095DE67 /* keyhac_consolewindow.py */,
				33DBA73019B2BBA10095DE67 /* keyhac_hook.py */,
				33DBA73119B2BBA10095DE67 /* keyhac_ini.py */,
				33DBA73219B2BBA10095DE67 /* keyhac_isearch.py */,
				33DBA73319B2BBA10095DE67 /* keyhac_keymap.py */,
				33DBA73419B2BBA10095DE67 /* keyhac_listwindow.py */,
				33DBA73519B2BBA10095DE67 /* keyhac_main.py */,
				33DBA73619B2BBA10095DE67 /* keyhac_misc.py */,
				33DBA73719B2BBA10095DE67 /* keyhac_resource.py */,
				33DBA73819B2BBA10095DE67 /* keyhac_statusbar.py */,
				33DBA73919B2BBA10095DE67 /* keyhac_tasktrayicon.py */,
				33DBA73A19B2BBA10095DE67 /* keyhac.py */,
			);
			name = "keyhac - python";
			sourceTree = "<group>";
		};
		33E3AA3119677B22004C7EDF = {
			isa = PBXGroup;
			children = (
				33E3AA3C19677B22004C7EDF /* ckitcore */,
				33E3AA5C1967CBB2004C7EDF /* ckit - python */,
				33DBA72B19B2BB660095DE67 /* keyhac - python */,
				33E3AA3D19677B22004C7EDF /* Supporting Files */,
				33E3AA3B19677B22004C7EDF /* Products */,
			);
			sourceTree = "<group>";
		};
		33E3AA3B19677B22004C7EDF /* Products */ = {
			isa = PBXGroup;
			children = (
				33E3AA3A19677B22004C7EDF /* ckitcore.dylib */,
			);
			name = Products;
			sourceTree = "<group>";
		};
		33E3AA3C19677B22004C7EDF /* ckitcore */ = {
			isa = PBXGroup;
			children = (
				33CFAD0A19CEA8DB00561292 /* common */,
				33CFAD0919CEA8C400561292 /* mac */,
			);
			path = ckitcore;
			sourceTree = "<group>";
		};
		33E3AA3D19677B22004C7EDF /* Supporting Files */ = {
			isa = PBXGroup;
			children = (
				33E3AA5819678AC6004C7EDF /* Cocoa.framework */,
				33E3AA5A1967AE05004C7EDF /* Python */,
				33E3AA3F19677B22004C7EDF /* ckitcoreProj.xcconfig */,
				33E3AA4019677B22004C7EDF /* ckitcoreTarget.xcconfig */,
			);
			name = "Supporting Files";
			path = ckitcore;
			sourceTree = "<group>";
		};
		33E3AA5C1967CBB2004C7EDF /* ckit - python */ = {
			isa = PBXGroup;
			children = (
				335238E31969978C00AAEB73 /* test */,
				33E3AA6D1967CC17004C7EDF /* __init__.py */,
				33E3AA5D1967CC01004C7EDF /* ckit_command.py */,
				33E3AA5E1967CC01004C7EDF /* ckit_const.py */,
				33E3AA5F1967CC01004C7EDF /* ckit_dialog.py */,
				33E3AA601967CC01004C7EDF /* ckit_key.py */,
				33E3AA611967CC01004C7EDF /* ckit_migemo.py */,
				33E3AA621967CC01004C7EDF /* ckit_misc.py */,
				33E3AA631967CC01004C7EDF /* ckit_resource.py */,
				33E3AA641967CC01004C7EDF /* ckit_stdlib.py */,
				33E3AA651967CC01004C7EDF /* ckit_subprocess.py */,
				33E3AA661967CC01004C7EDF /* ckit_textwidget.py */,
				33E3AA671967CC01004C7EDF /* ckit_textwindow.py */,
				33E3AA681967CC01004C7EDF /* ckit_theme.py */,
				33E3AA691967CC01004C7EDF /* ckit_threadutil.py */,
				33E3AA6A1967CC01004C7EDF /* ckit_userconfig.py */,
				33E3AA6B1967CC01004C7EDF /* ckit_wallpaper.py */,
				33E3AA6C1967CC01004C7EDF /* ckit_widget.py */,
			);
			name = "ckit - python";
			sourceTree = "<group>";
		};
		E226F9181C0B232B00F400F6 /* doc */ = {
			isa = PBXGroup;
			children = (
				E275A3071C35144700BD897F /* index_en.txt */,
				E275A3081C35144700BD897F /* index_ja.txt */,
				E226F91A1C0B239C00F400F6 /* changes.txt */,
			);
			name = doc;
			sourceTree = "<group>";
		};
/* End PBXGroup section */

/* Begin PBXHeadersBuildPhase section */
		33E3AA3819677B22004C7EDF /* Headers */ = {
			isa = PBXHeadersBuildPhase;
			buildActionMask = 2147483647;
			files = (
				3301E00D19C27D04000AA454 /* ckitcore_cocoa.h in Headers */,
				3301E00E19C27D04000AA454 /* ckitcore_mac.h in Headers */,
				3301E01319C27DD9000AA454 /* ckitcore_hook.h in Headers */,
				33E3AA5319677C2B004C7EDF /* pythonutil.h in Headers */,
				3301E00C19C27D04000AA454 /* ckitcore_cocoa_export.h in Headers */,
				3393533C19B1718C008BA442 /* ckitcore_hook_mac.h in Headers */,
				33E3AA5119677C2B004C7EDF /* ckitcore.h in Headers */,
				33E3AA4F19677C2B004C7EDF /* basictypes.h in Headers */,
			);
			runOnlyForDeploymentPostprocessing = 0;
		};
/* End PBXHeadersBuildPhase section */

/* Begin PBXNativeTarget section */
		33E3AA3919677B22004C7EDF /* ckitcore */ = {
			isa = PBXNativeTarget;
			buildConfigurationList = 33E3AA4719677B22004C7EDF /* Build configuration list for PBXNativeTarget "ckitcore" */;
			buildPhases = (
				33E3AA3619677B22004C7EDF /* Sources */,
				33E3AA3719677B22004C7EDF /* Frameworks */,
				33E3AA3819677B22004C7EDF /* Headers */,
				E226F9151C09F32000F400F6 /* ShellScript */,
			);
			buildRules = (
			);
			dependencies = (
			);
			name = ckitcore;
			productName = ckitcore;
			productReference = 33E3AA3A19677B22004C7EDF /* ckitcore.dylib */;
			productType = "com.apple.product-type.library.dynamic";
		};
/* End PBXNativeTarget section */

/* Begin PBXProject section */
		33E3AA3219677B22004C7EDF /* Project object */ = {
			isa = PBXProject;
			attributes = {
				LastUpgradeCheck = 0710;
				ORGANIZATIONNAME = craftware;
			};
			buildConfigurationList = 33E3AA3519677B22004C7EDF /* Build configuration list for PBXProject "ckitcore" */;
			compatibilityVersion = "Xcode 3.2";
			developmentRegion = English;
			hasScannedForEncodings = 0;
			knownRegions = (
				en,
			);
			mainGroup = 33E3AA3119677B22004C7EDF;
			productRefGroup = 33E3AA3B19677B22004C7EDF /* Products */;
			projectDirPath = "";
			projectRoot = "";
			targets = (
				33E3AA3919677B22004C7EDF /* ckitcore */,
			);
		};
/* End PBXProject section */

/* Begin PBXShellScriptBuildPhase section */
		E226F9151C09F32000F400F6 /* ShellScript */ = {
			isa = PBXShellScriptBuildPhase;
			buildActionMask = 2147483647;
			files = (
			);
			inputPaths = (
			);
			outputPaths = (
			);
			runOnlyForDeploymentPostprocessing = 0;
			shellPath = /bin/sh;
			shellScript = "cp $BUILT_PRODUCTS_DIR/ckitcore.dylib $PROJECT_DIR/../../ckitcore.so";
		};
/* End PBXShellScriptBuildPhase section */

/* Begin PBXSourcesBuildPhase section */
		33E3AA3619677B22004C7EDF /* Sources */ = {
			isa = PBXSourcesBuildPhase;
			buildActionMask = 2147483647;
			files = (
				33E3AA5219677C2B004C7EDF /* pythonutil.cpp in Sources */,
				3393533B19B1718C008BA442 /* ckitcore_hook_mac.cpp in Sources */,
				3301E01019C27D04000AA454 /* ckitcore_cocoa.m in Sources */,
				33E3AA5019677C2B004C7EDF /* ckitcore.cpp in Sources */,
				3301E00F19C27D04000AA454 /* ckitcore_mac.cpp in Sources */,
				3301E01419C27DD9000AA454 /* ckitcore_hook.cpp in Sources */,
			);
			runOnlyForDeploymentPostprocessing = 0;
		};
/* End PBXSourcesBuildPhase section */

/* Begin XCBuildConfiguration section */
		33E3AA4519677B22004C7EDF /* Debug */ = {
			isa = XCBuildConfiguration;
			buildSettings = {
				ALWAYS_SEARCH_USER_PATHS = NO;
				CLANG_CXX_LANGUAGE_STANDARD = "gnu++0x";
				CLANG_CXX_LIBRARY = "libc++";
				CLANG_ENABLE_MODULES = YES;
				CLANG_ENABLE_OBJC_ARC = YES;
				CLANG_WARN_BOOL_CONVERSION = YES;
				CLANG_WARN_CONSTANT_CONVERSION = YES;
				CLANG_WARN_DIRECT_OBJC_ISA_USAGE = YES_ERROR;
				CLANG_WARN_EMPTY_BODY = YES;
				CLANG_WARN_ENUM_CONVERSION = YES;
				CLANG_WARN_INT_CONVERSION = YES;
				CLANG_WARN_OBJC_ROOT_CLASS = YES_ERROR;
				CLANG_WARN__DUPLICATE_METHOD_MATCH = YES;
				COPY_PHASE_STRIP = NO;
				ENABLE_TESTABILITY = YES;
				GCC_C_LANGUAGE_STANDARD = gnu99;
				GCC_DYNAMIC_NO_PIC = NO;
				GCC_ENABLE_OBJC_EXCEPTIONS = YES;
				GCC_OPTIMIZATION_LEVEL = 0;
				GCC_PREPROCESSOR_DEFINITIONS = (
					"DEBUG=1",
					"$(inherited)",
				);
				GCC_SYMBOLS_PRIVATE_EXTERN = NO;
				GCC_WARN_64_TO_32_BIT_CONVERSION = YES;
				GCC_WARN_ABOUT_RETURN_TYPE = YES_ERROR;
				GCC_WARN_UNDECLARED_SELECTOR = YES;
				GCC_WARN_UNINITIALIZED_AUTOS = YES_AGGRESSIVE;
				GCC_WARN_UNUSED_FUNCTION = YES;
				GCC_WARN_UNUSED_VARIABLE = YES;
				HEADER_SEARCH_PATHS = (
					"$(inherited)",
					/Applications/Xcode.app/Contents/Developer/Toolchains/XcodeDefault.xctoolchain/usr/include,
					/Library/Frameworks/Python.framework/Versions/3.4/Headers,
					/System/Library/Frameworks/Carbon.framework/Frameworks/HIToolbox.framework/Headers,
					/System/Library/Frameworks/ApplicationServices.framework/Frameworks/HIServices.framework/Headers,
				);
				MACOSX_DEPLOYMENT_TARGET = 10.9;
				ONLY_ACTIVE_ARCH = YES;
				SDKROOT = macosx;
			};
			name = Debug;
		};
		33E3AA4619677B22004C7EDF /* Release */ = {
			isa = XCBuildConfiguration;
			buildSettings = {
				ALWAYS_SEARCH_USER_PATHS = NO;
				CLANG_CXX_LANGUAGE_STANDARD = "gnu++0x";
				CLANG_CXX_LIBRARY = "libc++";
				CLANG_ENABLE_MODULES = YES;
				CLANG_ENABLE_OBJC_ARC = YES;
				CLANG_WARN_BOOL_CONVERSION = YES;
				CLANG_WARN_CONSTANT_CONVERSION = YES;
				CLANG_WARN_DIRECT_OBJC_ISA_USAGE = YES_ERROR;
				CLANG_WARN_EMPTY_BODY = YES;
				CLANG_WARN_ENUM_CONVERSION = YES;
				CLANG_WARN_INT_CONVERSION = YES;
				CLANG_WARN_OBJC_ROOT_CLASS = YES_ERROR;
				CLANG_WARN__DUPLICATE_METHOD_MATCH = YES;
				COPY_PHASE_STRIP = YES;
				DEBUG_INFORMATION_FORMAT = "dwarf-with-dsym";
				ENABLE_NS_ASSERTIONS = NO;
				GCC_C_LANGUAGE_STANDARD = gnu99;
				GCC_ENABLE_OBJC_EXCEPTIONS = YES;
				GCC_WARN_64_TO_32_BIT_CONVERSION = YES;
				GCC_WARN_ABOUT_RETURN_TYPE = YES_ERROR;
				GCC_WARN_UNDECLARED_SELECTOR = YES;
				GCC_WARN_UNINITIALIZED_AUTOS = YES_AGGRESSIVE;
				GCC_WARN_UNUSED_FUNCTION = YES;
				GCC_WARN_UNUSED_VARIABLE = YES;
				HEADER_SEARCH_PATHS = (
					"$(inherited)",
					/Applications/Xcode.app/Contents/Developer/Toolchains/XcodeDefault.xctoolchain/usr/include,
					/Library/Frameworks/Python.framework/Versions/3.4/Headers,
					/System/Library/Frameworks/Carbon.framework/Frameworks/HIToolbox.framework/Headers,
					/System/Library/Frameworks/ApplicationServices.framework/Frameworks/HIServices.framework/Headers,
				);
				MACOSX_DEPLOYMENT_TARGET = 10.9;
				SDKROOT = macosx;
			};
			name = Release;
		};
		33E3AA4819677B22004C7EDF /* Debug */ = {
			isa = XCBuildConfiguration;
			buildSettings = {
				COMBINE_HIDPI_IMAGES = YES;
				LIBRARY_SEARCH_PATHS = (
					"$(inherited)",
					"$(LOCAL_LIBRARY_DIR)/Frameworks/Python.framework/Versions/3.4",
				);
				PRODUCT_NAME = "$(TARGET_NAME)";
			};
			name = Debug;
		};
		33E3AA4919677B22004C7EDF /* Release */ = {
			isa = XCBuildConfiguration;
			buildSettings = {
				COMBINE_HIDPI_IMAGES = YES;
				LIBRARY_SEARCH_PATHS = (
					"$(inherited)",
					"$(LOCAL_LIBRARY_DIR)/Frameworks/Python.framework/Versions/3.4",
				);
				PRODUCT_NAME = "$(TARGET_NAME)";
			};
			name = Release;
		};
/* End XCBuildConfiguration section */

/* Begin XCConfigurationList section */
		33E3AA3519677B22004C7EDF /* Build configuration list for PBXProject "ckitcore" */ = {
			isa = XCConfigurationList;
			buildConfigurations = (
				33E3AA4519677B22004C7EDF /* Debug */,
				33E3AA4619677B22004C7EDF /* Release */,
			);
			defaultConfigurationIsVisible = 0;
			defaultConfigurationName = Release;
		};
		33E3AA4719677B22004C7EDF /* Build configuration list for PBXNativeTarget "ckitcore" */ = {
			isa = XCConfigurationList;
			buildConfigurations = (
				33E3AA4819677B22004C7EDF /* Debug */,
				33E3AA4919677B22004C7EDF /* Release */,
			);
			defaultConfigurationIsVisible = 0;
			defaultConfigurationName = Release;
		};
/* End XCConfigurationList section */
	};
	rootObject = 33E3AA3219677B22004C7EDF /* Project object */;
}
